
Microsoft Visual Studio Solution File, Format Version 12.00
# Visual Studio Version 17
VisualStudioVersion = 17.13.35931.197 d17.13
MinimumVisualStudioVersion = 10.0.40219.1
Project("{FAE04EC0-301F-11D3-BF4B-00C04F79EFBC}") = "fase1", "fase1\fase1.csproj", "{5B5BC1EE-FA1C-47D2-884E-47238F029C61}"
EndProject
Global
	GlobalSection(SolutionConfigurationPlatforms) = preSolution
		Debug|Any CPU = Debug|Any CPU
		Release|Any CPU = Release|Any CPU
	EndGlobalSection
	GlobalSection(ProjectConfigurationPlatforms) = postSolution
		{5B5BC1EE-FA1C-47D2-884E-47238F029C61}.Debug|Any CPU.ActiveCfg = Debug|Any CPU
		{5B5BC1EE-FA1C-47D2-884E-47238F029C61}.Debug|Any CPU.Build.0 = Debug|Any CPU
		{5B5BC1EE-FA1C-47D2-884E-47238F029C61}.Release|Any CPU.ActiveCfg = Release|Any CPU
		{5B5BC1EE-FA1C-47D2-884E-47238F029C61}.Release|Any CPU.Build.0 = Release|Any CPU
	EndGlobalSection
	GlobalSection(SolutionProperties) = preSolution
		HideSolutionNode = FALSE
	EndGlobalSection
	GlobalSection(ExtensibilityGlobals) = postSolution
		SolutionGuid = {DEE9D2ED-1B25-4FEE-9256-9D132D9255B1}
	EndGlobalSection
EndGlobal
