
Microsoft Visual Studio Solution File, Format Version 12.00
# Visual Studio Version 17
VisualStudioVersion = 17.13.35931.197 d17.13
MinimumVisualStudioVersion = 10.0.40219.1
Project("{FAE04EC0-301F-11D3-BF4B-00C04F79EFBC}") = "ArborBinario", "ArborBinario\ArborBinario.csproj", "{83ACEEE4-01E4-4757-8155-047B3E664ADC}"
EndProject
Global
	GlobalSection(SolutionConfigurationPlatforms) = preSolution
		Debug|Any CPU = Debug|Any CPU
		Release|Any CPU = Release|Any CPU
	EndGlobalSection
	GlobalSection(ProjectConfigurationPlatforms) = postSolution
		{83ACEEE4-01E4-4757-8155-047B3E664ADC}.Debug|Any CPU.ActiveCfg = Debug|Any CPU
		{83ACEEE4-01E4-4757-8155-047B3E664ADC}.Debug|Any CPU.Build.0 = Debug|Any CPU
		{83ACEEE4-01E4-4757-8155-047B3E664ADC}.Release|Any CPU.ActiveCfg = Release|Any CPU
		{83ACEEE4-01E4-4757-8155-047B3E664ADC}.Release|Any CPU.Build.0 = Release|Any CPU
	EndGlobalSection
	GlobalSection(SolutionProperties) = preSolution
		HideSolutionNode = FALSE
	EndGlobalSection
	GlobalSection(ExtensibilityGlobals) = postSolution
		SolutionGuid = {C49A60EE-9B42-41F8-B577-263ABE3A5C25}
	EndGlobalSection
EndGlobal
